
Microsoft Visual Studio Solution File, Format Version 12.00
# Visual Studio Version 16
VisualStudioVersion = 16.0.31613.86
MinimumVisualStudioVersion = 10.0.40219.1
Project("{FAE04EC0-301F-11D3-BF4B-00C04F79EFBC}") = "VisualStudioAssign1", "VisualStudioAssign1\VisualStudioAssign1.csproj", "{12CC2717-6623-49EE-80F6-C6D511FC0B53}"
EndProject
Global
	GlobalSection(SolutionConfigurationPlatforms) = preSolution
		Debug|Any CPU = Debug|Any CPU
		Release|Any CPU = Release|Any CPU
	EndGlobalSection
	GlobalSection(ProjectConfigurationPlatforms) = postSolution
		{12CC2717-6623-49EE-80F6-C6D511FC0B53}.Debug|Any CPU.ActiveCfg = Debug|Any CPU
		{12CC2717-6623-49EE-80F6-C6D511FC0B53}.Debug|Any CPU.Build.0 = Debug|Any CPU
		{12CC2717-6623-49EE-80F6-C6D511FC0B53}.Release|Any CPU.ActiveCfg = Release|Any CPU
		{12CC2717-6623-49EE-80F6-C6D511FC0B53}.Release|Any CPU.Build.0 = Release|Any CPU
	EndGlobalSection
	GlobalSection(SolutionProperties) = preSolution
		HideSolutionNode = FALSE
	EndGlobalSection
	GlobalSection(ExtensibilityGlobals) = postSolution
		SolutionGuid = {F5836BA0-FDE3-4ADF-B465-87CAFC951D4B}
	EndGlobalSection
EndGlobal
